
Microsoft Visual Studio Solution File, Format Version 12.00
# Visual Studio Version 17
VisualStudioVersion = 17.0.31903.59
MinimumVisualStudioVersion = 10.0.40219.1
Project("{2150E333-8FDC-42A3-9474-1A3956D46DE8}") = "src", "src", "{827E0CD3-B72D-47B6-A68D-7590B98EB39B}"
EndProject
Project("{FAE04EC0-301F-11D3-BF4B-00C04F79EFBC}") = "DIHOR.RepoFiles", "src\DIHOR.RepoFiles\DIHOR.RepoFiles.csproj", "{1702E782-0F66-4EF3-A9E1-0DA3F36FC085}"
EndProject
Project("{FAE04EC0-301F-11D3-BF4B-00C04F79EFBC}") = "DIHOR.RepoFiles.GitHub", "src\DIHOR.RepoFiles.GitHub\DIHOR.RepoFiles.GitHub.csproj", "{F0110803-7DBE-4F38-B2E1-C8DAE237FC8F}"
EndProject
Project("{FAE04EC0-301F-11D3-BF4B-00C04F79EFBC}") = "DIHOR.RepoFiles.Configuration", "src\DIHOR.RepoFiles.Configuration\DIHOR.RepoFiles.Configuration.csproj", "{44BF224D-597E-4A5C-B11D-383D5810EBC6}"
EndProject
Project("{FAE04EC0-301F-11D3-BF4B-00C04F79EFBC}") = "DIHOR.RepoFiles.Cli", "src\DIHOR.RepoFiles.Cli\DIHOR.RepoFiles.Cli.csproj", "{9FA03BE1-C5C9-4023-8437-EA23A4064B7D}"
EndProject
Project("{FAE04EC0-301F-11D3-BF4B-00C04F79EFBC}") = "DIHOR.RepoFiles.Tests", "tests\DIHOR.RepoFiles.Tests\DIHOR.RepoFiles.Tests.csproj", "{38E3A42F-BC14-4C1B-97D0-8051955F6D09}"
EndProject
Project("{FAE04EC0-301F-11D3-BF4B-00C04F79EFBC}") = "Sample.ConsoleApp", "samples\Sample.ConsoleApp\Sample.ConsoleApp.csproj", "{F7E768C2-6ECA-46D6-BF75-10EE2F1F75B8}"
EndProject
Global
	GlobalSection(SolutionConfigurationPlatforms) = preSolution
		Debug|Any CPU = Debug|Any CPU
		Debug|x64 = Debug|x64
		Debug|x86 = Debug|x86
		Release|Any CPU = Release|Any CPU
		Release|x64 = Release|x64
		Release|x86 = Release|x86
	EndGlobalSection
	GlobalSection(ProjectConfigurationPlatforms) = postSolution
		{1702E782-0F66-4EF3-A9E1-0DA3F36FC085}.Debug|Any CPU.ActiveCfg = Debug|Any CPU
		{1702E782-0F66-4EF3-A9E1-0DA3F36FC085}.Debug|Any CPU.Build.0 = Debug|Any CPU
		{1702E782-0F66-4EF3-A9E1-0DA3F36FC085}.Debug|x64.ActiveCfg = Debug|Any CPU
		{1702E782-0F66-4EF3-A9E1-0DA3F36FC085}.Debug|x64.Build.0 = Debug|Any CPU
		{1702E782-0F66-4EF3-A9E1-0DA3F36FC085}.Debug|x86.ActiveCfg = Debug|Any CPU
		{1702E782-0F66-4EF3-A9E1-0DA3F36FC085}.Debug|x86.Build.0 = Debug|Any CPU
		{1702E782-0F66-4EF3-A9E1-0DA3F36FC085}.Release|Any CPU.ActiveCfg = Release|Any CPU
		{1702E782-0F66-4EF3-A9E1-0DA3F36FC085}.Release|Any CPU.Build.0 = Release|Any CPU
		{1702E782-0F66-4EF3-A9E1-0DA3F36FC085}.Release|x64.ActiveCfg = Release|Any CPU
		{1702E782-0F66-4EF3-A9E1-0DA3F36FC085}.Release|x64.Build.0 = Release|Any CPU
		{1702E782-0F66-4EF3-A9E1-0DA3F36FC085}.Release|x86.ActiveCfg = Release|Any CPU
		{1702E782-0F66-4EF3-A9E1-0DA3F36FC085}.Release|x86.Build.0 = Release|Any CPU
		{F0110803-7DBE-4F38-B2E1-C8DAE237FC8F}.Debug|Any CPU.ActiveCfg = Debug|Any CPU
		{F0110803-7DBE-4F38-B2E1-C8DAE237FC8F}.Debug|Any CPU.Build.0 = Debug|Any CPU
		{F0110803-7DBE-4F38-B2E1-C8DAE237FC8F}.Debug|x64.ActiveCfg = Debug|Any CPU
		{F0110803-7DBE-4F38-B2E1-C8DAE237FC8F}.Debug|x64.Build.0 = Debug|Any CPU
		{F0110803-7DBE-4F38-B2E1-C8DAE237FC8F}.Debug|x86.ActiveCfg = Debug|Any CPU
		{F0110803-7DBE-4F38-B2E1-C8DAE237FC8F}.Debug|x86.Build.0 = Debug|Any CPU
		{F0110803-7DBE-4F38-B2E1-C8DAE237FC8F}.Release|Any CPU.ActiveCfg = Release|Any CPU
		{F0110803-7DBE-4F38-B2E1-C8DAE237FC8F}.Release|Any CPU.Build.0 = Release|Any CPU
		{F0110803-7DBE-4F38-B2E1-C8DAE237FC8F}.Release|x64.ActiveCfg = Release|Any CPU
		{F0110803-7DBE-4F38-B2E1-C8DAE237FC8F}.Release|x64.Build.0 = Release|Any CPU
		{F0110803-7DBE-4F38-B2E1-C8DAE237FC8F}.Release|x86.ActiveCfg = Release|Any CPU
		{F0110803-7DBE-4F38-B2E1-C8DAE237FC8F}.Release|x86.Build.0 = Release|Any CPU
		{44BF224D-597E-4A5C-B11D-383D5810EBC6}.Debug|Any CPU.ActiveCfg = Debug|Any CPU
		{44BF224D-597E-4A5C-B11D-383D5810EBC6}.Debug|Any CPU.Build.0 = Debug|Any CPU
		{44BF224D-597E-4A5C-B11D-383D5810EBC6}.Debug|x64.ActiveCfg = Debug|Any CPU
		{44BF224D-597E-4A5C-B11D-383D5810EBC6}.Debug|x64.Build.0 = Debug|Any CPU
		{44BF224D-597E-4A5C-B11D-383D5810EBC6}.Debug|x86.ActiveCfg = Debug|Any CPU
		{44BF224D-597E-4A5C-B11D-383D5810EBC6}.Debug|x86.Build.0 = Debug|Any CPU
		{44BF224D-597E-4A5C-B11D-383D5810EBC6}.Release|Any CPU.ActiveCfg = Release|Any CPU
		{44BF224D-597E-4A5C-B11D-383D5810EBC6}.Release|Any CPU.Build.0 = Release|Any CPU
		{44BF224D-597E-4A5C-B11D-383D5810EBC6}.Release|x64.ActiveCfg = Release|Any CPU
		{44BF224D-597E-4A5C-B11D-383D5810EBC6}.Release|x64.Build.0 = Release|Any CPU
		{44BF224D-597E-4A5C-B11D-383D5810EBC6}.Release|x86.ActiveCfg = Release|Any CPU
		{44BF224D-597E-4A5C-B11D-383D5810EBC6}.Release|x86.Build.0 = Release|Any CPU
		{9FA03BE1-C5C9-4023-8437-EA23A4064B7D}.Debug|Any CPU.ActiveCfg = Debug|Any CPU
		{9FA03BE1-C5C9-4023-8437-EA23A4064B7D}.Debug|Any CPU.Build.0 = Debug|Any CPU
		{9FA03BE1-C5C9-4023-8437-EA23A4064B7D}.Debug|x64.ActiveCfg = Debug|Any CPU
		{9FA03BE1-C5C9-4023-8437-EA23A4064B7D}.Debug|x64.Build.0 = Debug|Any CPU
		{9FA03BE1-C5C9-4023-8437-EA23A4064B7D}.Debug|x86.ActiveCfg = Debug|Any CPU
		{9FA03BE1-C5C9-4023-8437-EA23A4064B7D}.Debug|x86.Build.0 = Debug|Any CPU
		{9FA03BE1-C5C9-4023-8437-EA23A4064B7D}.Release|Any CPU.ActiveCfg = Release|Any CPU
		{9FA03BE1-C5C9-4023-8437-EA23A4064B7D}.Release|Any CPU.Build.0 = Release|Any CPU
		{9FA03BE1-C5C9-4023-8437-EA23A4064B7D}.Release|x64.ActiveCfg = Release|Any CPU
		{9FA03BE1-C5C9-4023-8437-EA23A4064B7D}.Release|x64.Build.0 = Release|Any CPU
		{9FA03BE1-C5C9-4023-8437-EA23A4064B7D}.Release|x86.ActiveCfg = Release|Any CPU
		{9FA03BE1-C5C9-4023-8437-EA23A4064B7D}.Release|x86.Build.0 = Release|Any CPU
		{38E3A42F-BC14-4C1B-97D0-8051955F6D09}.Debug|Any CPU.ActiveCfg = Debug|Any CPU
		{38E3A42F-BC14-4C1B-97D0-8051955F6D09}.Debug|Any CPU.Build.0 = Debug|Any CPU
		{38E3A42F-BC14-4C1B-97D0-8051955F6D09}.Debug|x64.ActiveCfg = Debug|Any CPU
		{38E3A42F-BC14-4C1B-97D0-8051955F6D09}.Debug|x64.Build.0 = Debug|Any CPU
		{38E3A42F-BC14-4C1B-97D0-8051955F6D09}.Debug|x86.ActiveCfg = Debug|Any CPU
		{38E3A42F-BC14-4C1B-97D0-8051955F6D09}.Debug|x86.Build.0 = Debug|Any CPU
		{38E3A42F-BC14-4C1B-97D0-8051955F6D09}.Release|Any CPU.ActiveCfg = Release|Any CPU
		{38E3A42F-BC14-4C1B-97D0-8051955F6D09}.Release|Any CPU.Build.0 = Release|Any CPU
		{38E3A42F-BC14-4C1B-97D0-8051955F6D09}.Release|x64.ActiveCfg = Release|Any CPU
		{38E3A42F-BC14-4C1B-97D0-8051955F6D09}.Release|x64.Build.0 = Release|Any CPU
		{38E3A42F-BC14-4C1B-97D0-8051955F6D09}.Release|x86.ActiveCfg = Release|Any CPU
		{38E3A42F-BC14-4C1B-97D0-8051955F6D09}.Release|x86.Build.0 = Release|Any CPU
		{F7E768C2-6ECA-46D6-BF75-10EE2F1F75B8}.Debug|Any CPU.ActiveCfg = Debug|Any CPU
		{F7E768C2-6ECA-46D6-BF75-10EE2F1F75B8}.Debug|Any CPU.Build.0 = Debug|Any CPU
		{F7E768C2-6ECA-46D6-BF75-10EE2F1F75B8}.Debug|x64.ActiveCfg = Debug|Any CPU
		{F7E768C2-6ECA-46D6-BF75-10EE2F1F75B8}.Debug|x64.Build.0 = Debug|Any CPU
		{F7E768C2-6ECA-46D6-BF75-10EE2F1F75B8}.Debug|x86.ActiveCfg = Debug|Any CPU
		{F7E768C2-6ECA-46D6-BF75-10EE2F1F75B8}.Debug|x86.Build.0 = Debug|Any CPU
		{F7E768C2-6ECA-46D6-BF75-10EE2F1F75B8}.Release|Any CPU.ActiveCfg = Release|Any CPU
		{F7E768C2-6ECA-46D6-BF75-10EE2F1F75B8}.Release|Any CPU.Build.0 = Release|Any CPU
		{F7E768C2-6ECA-46D6-BF75-10EE2F1F75B8}.Release|x64.ActiveCfg = Release|Any CPU
		{F7E768C2-6ECA-46D6-BF75-10EE2F1F75B8}.Release|x64.Build.0 = Release|Any CPU
		{F7E768C2-6ECA-46D6-BF75-10EE2F1F75B8}.Release|x86.ActiveCfg = Release|Any CPU
		{F7E768C2-6ECA-46D6-BF75-10EE2F1F75B8}.Release|x86.Build.0 = Release|Any CPU
	EndGlobalSection
	GlobalSection(SolutionProperties) = preSolution
		HideSolutionNode = FALSE
	EndGlobalSection
	GlobalSection(NestedProjects) = preSolution
		{1702E782-0F66-4EF3-A9E1-0DA3F36FC085} = {827E0CD3-B72D-47B6-A68D-7590B98EB39B}
		{F0110803-7DBE-4F38-B2E1-C8DAE237FC8F} = {827E0CD3-B72D-47B6-A68D-7590B98EB39B}
		{44BF224D-597E-4A5C-B11D-383D5810EBC6} = {827E0CD3-B72D-47B6-A68D-7590B98EB39B}
		{9FA03BE1-C5C9-4023-8437-EA23A4064B7D} = {827E0CD3-B72D-47B6-A68D-7590B98EB39B}
		{38E3A42F-BC14-4C1B-97D0-8051955F6D09} = {827E0CD3-B72D-47B6-A68D-7590B98EB39B}
		{F7E768C2-6ECA-46D6-BF75-10EE2F1F75B8} = {827E0CD3-B72D-47B6-A68D-7590B98EB39B}
	EndGlobalSection
EndGlobal
